# This file is automatically @generated by Poetry 1.7.1 and should not be changed by hand.

[[package]]
name = "aiofile"
version = "3.8.8"
description = "Asynchronous file operations."
optional = true
python-versions = ">=3.7, <4"
files = [
    {file = "aiofile-3.8.8-py3-none-any.whl", hash = "sha256:41e8845cce055779cd77713d949a339deb012eab605b857765e8f8e52a5ed811"},
    {file = "aiofile-3.8.8.tar.gz", hash = "sha256:41f3dc40bd730459d58610476e82e5efb2f84ae6e9fa088a9545385d838b8a43"},
]

[package.dependencies]
caio = ">=0.9.0,<0.10.0"

[package.extras]
develop = ["aiomisc-pytest", "coveralls", "pytest", "pytest-cov", "pytest-rst"]

[[package]]
name = "anyio"
version = "4.2.0"
description = "High level compatibility layer for multiple asynchronous event loop implementations"
optional = false
python-versions = ">=3.8"
files = [
    {file = "anyio-4.2.0-py3-none-any.whl", hash = "sha256:745843b39e829e108e518c489b31dc757de7d2131d53fac32bd8df268227bfee"},
    {file = "anyio-4.2.0.tar.gz", hash = "sha256:e1875bb4b4e2de1669f4bc7869b6d3f54231cdced71605e6e64c9be77e3be50f"},
]

[package.dependencies]
idna = ">=2.8"
sniffio = ">=1.1"

[package.extras]
doc = ["Sphinx (>=7)", "packaging", "sphinx-autodoc-typehints (>=1.2.0)", "sphinx-rtd-theme"]
test = ["anyio[trio]", "coverage[toml] (>=7)", "exceptiongroup (>=1.2.0)", "hypothesis (>=4.0)", "psutil (>=5.9)", "pytest (>=7.0)", "pytest-mock (>=3.6.1)", "trustme", "uvloop (>=0.17)"]
trio = ["trio (>=0.23)"]

[[package]]
name = "caio"
version = "0.9.13"
description = "Asynchronous file IO for Linux MacOS or Windows."
optional = true
python-versions = ">=3.7, <4"
files = [
    {file = "caio-0.9.13-cp310-cp310-macosx_10_9_universal2.whl", hash = "sha256:a921c0514ea2bb161d9d9c4940d409a2431cc6bab89abbf20fb16fdc6964f650"},
    {file = "caio-0.9.13-cp310-cp310-macosx_11_0_x86_64.whl", hash = "sha256:0a04bcac15b0c18057ec57dd9666c4d5c1058958a8db5191b46a1e54931c4a6e"},
    {file = "caio-0.9.13-cp310-cp310-manylinux_2_12_x86_64.manylinux2010_x86_64.manylinux_2_17_x86_64.manylinux2014_x86_64.whl", hash = "sha256:18307046421f4a8cac85c3d84aa941ab283fbbf0e57f0e5f81a306a057668f43"},
    {file = "caio-0.9.13-cp311-cp311-macosx_10_9_universal2.whl", hash = "sha256:789f8b55f4a2b46be14361df3ac8d14b6c8f0a3730badd70cb1b7778fcdc7039"},
    {file = "caio-0.9.13-cp311-cp311-manylinux_2_12_x86_64.manylinux2010_x86_64.manylinux_2_17_x86_64.manylinux2014_x86_64.whl", hash = "sha256:a914684bad2a757cf013ae88d785d81659a3add1885bad60cd20bfbd3068bd5a"},
    {file = "caio-0.9.13-cp37-cp37m-macosx_10_9_x86_64.whl", hash = "sha256:a6577cec932011db441a87bb35051a0ae8c6f970ea1af165cef3106746ae9a52"},
    {file = "caio-0.9.13-cp37-cp37m-macosx_11_0_x86_64.whl", hash = "sha256:e13c1b882f1c16bc15441d4cfe3e7e6b58b66cb5cf07a0ce46103ff9d0c1d16b"},
    {file = "caio-0.9.13-cp37-cp37m-manylinux_2_12_x86_64.manylinux2010_x86_64.manylinux_2_17_x86_64.manylinux2014_x86_64.whl", hash = "sha256:114d6c158dc592849532fd0992cbfb85430f4f6e48323a3990c39e4741f81a25"},
    {file = "caio-0.9.13-cp38-cp38-macosx_11_0_universal2.whl", hash = "sha256:9c5f115c6b5e032f00f35d5da69f27322272b1cb8d51a21da1c2444bd1926beb"},
    {file = "caio-0.9.13-cp38-cp38-macosx_11_0_x86_64.whl", hash = "sha256:48f2c32f67923c728f4b79e03e4a0fc8dc175aa079a1e301773ab7d6baaa571f"},
    {file = "caio-0.9.13-cp38-cp38-manylinux_2_12_x86_64.manylinux2010_x86_64.manylinux_2_17_x86_64.manylinux2014_x86_64.whl", hash = "sha256:9b7b6eafa11a446dced3cd10342140e618acb548b513aaf3a1fa4c86451d3856"},
    {file = "caio-0.9.13-cp39-cp39-macosx_10_9_universal2.whl", hash = "sha256:b1e4252b783ad25f15eeff6e412f7e9ec9409e7b4a81fd2893dc1ce1819385ff"},
    {file = "caio-0.9.13-cp39-cp39-macosx_11_0_x86_64.whl", hash = "sha256:a07c9933543d18f98525f34a786700134403f13050a5bd22a642629e2ab410d4"},
    {file = "caio-0.9.13-cp39-cp39-manylinux_2_12_x86_64.manylinux2010_x86_64.manylinux_2_17_x86_64.manylinux2014_x86_64.whl", hash = "sha256:a090ab82f21b310b56fa6afe04b3be92a0d1577a2e57127b61426c9dd6df34be"},
    {file = "caio-0.9.13-py3-none-any.whl", hash = "sha256:582cbfc6e203d1dedf662ba972a94db6e744fe0b6bb9e02922b0f86803006fc9"},
    {file = "caio-0.9.13.tar.gz", hash = "sha256:26f1e08a442bef4526a66142ea4e325e22dca8f040800aecb3caf8fae0589e98"},
]

[package.extras]
develop = ["aiomisc-pytest", "pytest", "pytest-cov"]

[[package]]
name = "colorama"
version = "0.4.6"
description = "Cross-platform colored terminal text."
optional = false
python-versions = "!=3.0.*,!=3.1.*,!=3.2.*,!=3.3.*,!=3.4.*,!=3.5.*,!=3.6.*,>=2.7"
files = [
    {file = "colorama-0.4.6-py2.py3-none-any.whl", hash = "sha256:4f1d9991f5acc0ca119f9d443620b77f9d6b33703e51011c16baf57afb285fc6"},
    {file = "colorama-0.4.6.tar.gz", hash = "sha256:08695f5cb7ed6e0531a20572697297273c47b8cae5a63ffc6d6ed5c201be6e44"},
]

[[package]]
name = "coverage"
version = "7.3.4"
description = "Code coverage measurement for Python"
optional = false
python-versions = ">=3.8"
files = [
    {file = "coverage-7.3.4-cp310-cp310-macosx_10_9_x86_64.whl", hash = "sha256:aff2bd3d585969cc4486bfc69655e862028b689404563e6b549e6a8244f226df"},
    {file = "coverage-7.3.4-cp310-cp310-macosx_11_0_arm64.whl", hash = "sha256:e4353923f38d752ecfbd3f1f20bf7a3546993ae5ecd7c07fd2f25d40b4e54571"},
    {file = "coverage-7.3.4-cp310-cp310-manylinux_2_17_aarch64.manylinux2014_aarch64.whl", hash = "sha256:ea473c37872f0159294f7073f3fa72f68b03a129799f3533b2bb44d5e9fa4f82"},
    {file = "coverage-7.3.4-cp310-cp310-manylinux_2_5_i686.manylinux1_i686.manylinux_2_17_i686.manylinux2014_i686.whl", hash = "sha256:5214362abf26e254d749fc0c18af4c57b532a4bfde1a057565616dd3b8d7cc94"},
    {file = "coverage-7.3.4-cp310-cp310-manylinux_2_5_x86_64.manylinux1_x86_64.manylinux_2_17_x86_64.manylinux2014_x86_64.whl", hash = "sha256:f99b7d3f7a7adfa3d11e3a48d1a91bb65739555dd6a0d3fa68aa5852d962e5b1"},
    {file = "coverage-7.3.4-cp310-cp310-musllinux_1_1_aarch64.whl", hash = "sha256:74397a1263275bea9d736572d4cf338efaade2de9ff759f9c26bcdceb383bb49"},
    {file = "coverage-7.3.4-cp310-cp310-musllinux_1_1_i686.whl", hash = "sha256:f154bd866318185ef5865ace5be3ac047b6d1cc0aeecf53bf83fe846f4384d5d"},
    {file = "coverage-7.3.4-cp310-cp310-musllinux_1_1_x86_64.whl", hash = "sha256:e0d84099ea7cba9ff467f9c6f747e3fc3906e2aadac1ce7b41add72e8d0a3712"},
    {file = "coverage-7.3.4-cp310-cp310-win32.whl", hash = "sha256:3f477fb8a56e0c603587b8278d9dbd32e54bcc2922d62405f65574bd76eba78a"},
    {file = "coverage-7.3.4-cp310-cp310-win_amd64.whl", hash = "sha256:c75738ce13d257efbb6633a049fb2ed8e87e2e6c2e906c52d1093a4d08d67c6b"},
    {file = "coverage-7.3.4-cp311-cp311-macosx_10_9_x86_64.whl", hash = "sha256:997aa14b3e014339d8101b9886063c5d06238848905d9ad6c6eabe533440a9a7"},
    {file = "coverage-7.3.4-cp311-cp311-macosx_11_0_arm64.whl", hash = "sha256:8a9c5bc5db3eb4cd55ecb8397d8e9b70247904f8eca718cc53c12dcc98e59fc8"},
    {file = "coverage-7.3.4-cp311-cp311-manylinux_2_17_aarch64.manylinux2014_aarch64.whl", hash = "sha256:27ee94f088397d1feea3cb524e4313ff0410ead7d968029ecc4bc5a7e1d34fbf"},
    {file = "coverage-7.3.4-cp311-cp311-manylinux_2_5_i686.manylinux1_i686.manylinux_2_17_i686.manylinux2014_i686.whl", hash = "sha256:8ce03e25e18dd9bf44723e83bc202114817f3367789052dc9e5b5c79f40cf59d"},
    {file = "coverage-7.3.4-cp311-cp311-manylinux_2_5_x86_64.manylinux1_x86_64.manylinux_2_17_x86_64.manylinux2014_x86_64.whl", hash = "sha256:85072e99474d894e5df582faec04abe137b28972d5e466999bc64fc37f564a03"},
    {file = "coverage-7.3.4-cp311-cp311-musllinux_1_1_aarch64.whl", hash = "sha256:a877810ef918d0d345b783fc569608804f3ed2507bf32f14f652e4eaf5d8f8d0"},
    {file = "coverage-7.3.4-cp311-cp311-musllinux_1_1_i686.whl", hash = "sha256:9ac17b94ab4ca66cf803f2b22d47e392f0977f9da838bf71d1f0db6c32893cb9"},
    {file = "coverage-7.3.4-cp311-cp311-musllinux_1_1_x86_64.whl", hash = "sha256:36d75ef2acab74dc948d0b537ef021306796da551e8ac8b467810911000af66a"},
    {file = "coverage-7.3.4-cp311-cp311-win32.whl", hash = "sha256:47ee56c2cd445ea35a8cc3ad5c8134cb9bece3a5cb50bb8265514208d0a65928"},
    {file = "coverage-7.3.4-cp311-cp311-win_amd64.whl", hash = "sha256:11ab62d0ce5d9324915726f611f511a761efcca970bd49d876cf831b4de65be5"},
    {file = "coverage-7.3.4-cp312-cp312-macosx_10_9_x86_64.whl", hash = "sha256:33e63c578f4acce1b6cd292a66bc30164495010f1091d4b7529d014845cd9bee"},
    {file = "coverage-7.3.4-cp312-cp312-macosx_11_0_arm64.whl", hash = "sha256:782693b817218169bfeb9b9ba7f4a9f242764e180ac9589b45112571f32a0ba6"},
    {file = "coverage-7.3.4-cp312-cp312-manylinux_2_17_aarch64.manylinux2014_aarch64.whl", hash = "sha256:7c4277ddaad9293454da19121c59f2d850f16bcb27f71f89a5c4836906eb35ef"},
    {file = "coverage-7.3.4-cp312-cp312-manylinux_2_5_i686.manylinux1_i686.manylinux_2_17_i686.manylinux2014_i686.whl", hash = "sha256:3d892a19ae24b9801771a5a989fb3e850bd1ad2e2b6e83e949c65e8f37bc67a1"},
    {file = "coverage-7.3.4-cp312-cp312-manylinux_2_5_x86_64.manylinux1_x86_64.manylinux_2_17_x86_64.manylinux2014_x86_64.whl", hash = "sha256:3024ec1b3a221bd10b5d87337d0373c2bcaf7afd86d42081afe39b3e1820323b"},
    {file = "coverage-7.3.4-cp312-cp312-musllinux_1_1_aarch64.whl", hash = "sha256:a1c3e9d2bbd6f3f79cfecd6f20854f4dc0c6e0ec317df2b265266d0dc06535f1"},
    {file = "coverage-7.3.4-cp312-cp312-musllinux_1_1_i686.whl", hash = "sha256:e91029d7f151d8bf5ab7d8bfe2c3dbefd239759d642b211a677bc0709c9fdb96"},
    {file = "coverage-7.3.4-cp312-cp312-musllinux_1_1_x86_64.whl", hash = "sha256:6879fe41c60080aa4bb59703a526c54e0412b77e649a0d06a61782ecf0853ee1"},
    {file = "coverage-7.3.4-cp312-cp312-win32.whl", hash = "sha256:fd2f8a641f8f193968afdc8fd1697e602e199931012b574194052d132a79be13"},
    {file = "coverage-7.3.4-cp312-cp312-win_amd64.whl", hash = "sha256:d1d0ce6c6947a3a4aa5479bebceff2c807b9f3b529b637e2b33dea4468d75fc7"},
    {file = "coverage-7.3.4-cp38-cp38-macosx_10_9_x86_64.whl", hash = "sha256:36797b3625d1da885b369bdaaa3b0d9fb8865caed3c2b8230afaa6005434aa2f"},
    {file = "coverage-7.3.4-cp38-cp38-macosx_11_0_arm64.whl", hash = "sha256:bfed0ec4b419fbc807dec417c401499ea869436910e1ca524cfb4f81cf3f60e7"},
    {file = "coverage-7.3.4-cp38-cp38-manylinux_2_17_aarch64.manylinux2014_aarch64.whl", hash = "sha256:f97ff5a9fc2ca47f3383482858dd2cb8ddbf7514427eecf5aa5f7992d0571429"},
    {file = "coverage-7.3.4-cp38-cp38-manylinux_2_5_i686.manylinux1_i686.manylinux_2_17_i686.manylinux2014_i686.whl", hash = "sha256:607b6c6b35aa49defaebf4526729bd5238bc36fe3ef1a417d9839e1d96ee1e4c"},
    {file = "coverage-7.3.4-cp38-cp38-manylinux_2_5_x86_64.manylinux1_x86_64.manylinux_2_17_x86_64.manylinux2014_x86_64.whl", hash = "sha256:a8e258dcc335055ab59fe79f1dec217d9fb0cdace103d6b5c6df6b75915e7959"},
    {file = "coverage-7.3.4-cp38-cp38-musllinux_1_1_aarch64.whl", hash = "sha256:a02ac7c51819702b384fea5ee033a7c202f732a2a2f1fe6c41e3d4019828c8d3"},
    {file = "coverage-7.3.4-cp38-cp38-musllinux_1_1_i686.whl", hash = "sha256:b710869a15b8caf02e31d16487a931dbe78335462a122c8603bb9bd401ff6fb2"},
    {file = "coverage-7.3.4-cp38-cp38-musllinux_1_1_x86_64.whl", hash = "sha256:c6a23ae9348a7a92e7f750f9b7e828448e428e99c24616dec93a0720342f241d"},
    {file = "coverage-7.3.4-cp38-cp38-win32.whl", hash = "sha256:758ebaf74578b73f727acc4e8ab4b16ab6f22a5ffd7dd254e5946aba42a4ce76"},
    {file = "coverage-7.3.4-cp38-cp38-win_amd64.whl", hash = "sha256:309ed6a559bc942b7cc721f2976326efbfe81fc2b8f601c722bff927328507dc"},
    {file = "coverage-7.3.4-cp39-cp39-macosx_10_9_x86_64.whl", hash = "sha256:aefbb29dc56317a4fcb2f3857d5bce9b881038ed7e5aa5d3bcab25bd23f57328"},
    {file = "coverage-7.3.4-cp39-cp39-macosx_11_0_arm64.whl", hash = "sha256:183c16173a70caf92e2dfcfe7c7a576de6fa9edc4119b8e13f91db7ca33a7923"},
    {file = "coverage-7.3.4-cp39-cp39-manylinux_2_17_aarch64.manylinux2014_aarch64.whl", hash = "sha256:4a4184dcbe4f98d86470273e758f1d24191ca095412e4335ff27b417291f5964"},
    {file = "coverage-7.3.4-cp39-cp39-manylinux_2_5_i686.manylinux1_i686.manylinux_2_17_i686.manylinux2014_i686.whl", hash = "sha256:93698ac0995516ccdca55342599a1463ed2e2d8942316da31686d4d614597ef9"},
    {file = "coverage-7.3.4-cp39-cp39-manylinux_2_5_x86_64.manylinux1_x86_64.manylinux_2_17_x86_64.manylinux2014_x86_64.whl", hash = "sha256:fb220b3596358a86361139edce40d97da7458412d412e1e10c8e1970ee8c09ab"},
    {file = "coverage-7.3.4-cp39-cp39-musllinux_1_1_aarch64.whl", hash = "sha256:d5b14abde6f8d969e6b9dd8c7a013d9a2b52af1235fe7bebef25ad5c8f47fa18"},
    {file = "coverage-7.3.4-cp39-cp39-musllinux_1_1_i686.whl", hash = "sha256:610afaf929dc0e09a5eef6981edb6a57a46b7eceff151947b836d869d6d567c1"},
    {file = "coverage-7.3.4-cp39-cp39-musllinux_1_1_x86_64.whl", hash = "sha256:d6ed790728fb71e6b8247bd28e77e99d0c276dff952389b5388169b8ca7b1c28"},
    {file = "coverage-7.3.4-cp39-cp39-win32.whl", hash = "sha256:c15fdfb141fcf6a900e68bfa35689e1256a670db32b96e7a931cab4a0e1600e5"},
    {file = "coverage-7.3.4-cp39-cp39-win_amd64.whl", hash = "sha256:38d0b307c4d99a7aca4e00cad4311b7c51b7ac38fb7dea2abe0d182dd4008e05"},
    {file = "coverage-7.3.4-pp38.pp39.pp310-none-any.whl", hash = "sha256:b1e0f25ae99cf247abfb3f0fac7ae25739e4cd96bf1afa3537827c576b4847e5"},
    {file = "coverage-7.3.4.tar.gz", hash = "sha256:020d56d2da5bc22a0e00a5b0d54597ee91ad72446fa4cf1b97c35022f6b6dbf0"},
]

[package.extras]
toml = ["tomli"]

[[package]]
name = "idna"
version = "3.6"
description = "Internationalized Domain Names in Applications (IDNA)"
optional = false
python-versions = ">=3.5"
files = [
    {file = "idna-3.6-py3-none-any.whl", hash = "sha256:c05567e9c24a6b9faaa835c4821bad0590fbb9d5779e7caa6e1cc4978e7eb24f"},
    {file = "idna-3.6.tar.gz", hash = "sha256:9ecdbbd083b06798ae1e86adcbfe8ab1479cf864e4ee30fe4e46a003d12491ca"},
]

[[package]]
name = "iniconfig"
version = "2.0.0"
description = "brain-dead simple config-ini parsing"
optional = false
python-versions = ">=3.7"
files = [
    {file = "iniconfig-2.0.0-py3-none-any.whl", hash = "sha256:b6a85871a79d2e3b22d2d1b94ac2824226a63c6b741c88f7ae975f18b6778374"},
    {file = "iniconfig-2.0.0.tar.gz", hash = "sha256:2d91e135bf72d31a410b17c16da610a82cb55f6b0477d1a902134b24a455b8b3"},
]

[[package]]
name = "orjson"
version = "3.9.10"
description = "Fast, correct Python JSON library supporting dataclasses, datetimes, and numpy"
optional = true
python-versions = ">=3.8"
files = [
    {file = "orjson-3.9.10-cp310-cp310-macosx_10_15_x86_64.macosx_11_0_arm64.macosx_10_15_universal2.whl", hash = "sha256:c18a4da2f50050a03d1da5317388ef84a16013302a5281d6f64e4a3f406aabc4"},
    {file = "orjson-3.9.10-cp310-cp310-manylinux_2_17_aarch64.manylinux2014_aarch64.whl", hash = "sha256:5148bab4d71f58948c7c39d12b14a9005b6ab35a0bdf317a8ade9a9e4d9d0bd5"},
    {file = "orjson-3.9.10-cp310-cp310-manylinux_2_17_armv7l.manylinux2014_armv7l.whl", hash = "sha256:4cf7837c3b11a2dfb589f8530b3cff2bd0307ace4c301e8997e95c7468c1378e"},
    {file = "orjson-3.9.10-cp310-cp310-manylinux_2_17_ppc64le.manylinux2014_ppc64le.whl", hash = "sha256:c62b6fa2961a1dcc51ebe88771be5319a93fd89bd247c9ddf732bc250507bc2b"},
    {file = "orjson-3.9.10-cp310-cp310-manylinux_2_17_s390x.manylinux2014_s390x.whl", hash = "sha256:deeb3922a7a804755bbe6b5be9b312e746137a03600f488290318936c1a2d4dc"},
    {file = "orjson-3.9.10-cp310-cp310-manylinux_2_17_x86_64.manylinux2014_x86_64.whl", hash = "sha256:1234dc92d011d3554d929b6cf058ac4a24d188d97be5e04355f1b9223e98bbe9"},
    {file = "orjson-3.9.10-cp310-cp310-musllinux_1_1_aarch64.whl", hash = "sha256:06ad5543217e0e46fd7ab7ea45d506c76f878b87b1b4e369006bdb01acc05a83"},
    {file = "orjson-3.9.10-cp310-cp310-musllinux_1_1_x86_64.whl", hash = "sha256:4fd72fab7bddce46c6826994ce1e7de145ae1e9e106ebb8eb9ce1393ca01444d"},
    {file = "orjson-3.9.10-cp310-none-win32.whl", hash = "sha256:b5b7d4a44cc0e6ff98da5d56cde794385bdd212a86563ac321ca64d7f80c80d1"},
    {file = "orjson-3.9.10-cp310-none-win_amd64.whl", hash = "sha256:61804231099214e2f84998316f3238c4c2c4aaec302df12b21a64d72e2a135c7"},
    {file = "orjson-3.9.10-cp311-cp311-macosx_10_15_x86_64.macosx_11_0_arm64.macosx_10_15_universal2.whl", hash = "sha256:cff7570d492bcf4b64cc862a6e2fb77edd5e5748ad715f487628f102815165e9"},
    {file = "orjson-3.9.10-cp311-cp311-manylinux_2_17_aarch64.manylinux2014_aarch64.whl", hash = "sha256:ed8bc367f725dfc5cabeed1ae079d00369900231fbb5a5280cf0736c30e2adf7"},
    {file = "orjson-3.9.10-cp311-cp311-manylinux_2_17_armv7l.manylinux2014_armv7l.whl", hash = "sha256:c812312847867b6335cfb264772f2a7e85b3b502d3a6b0586aa35e1858528ab1"},
    {file = "orjson-3.9.10-cp311-cp311-manylinux_2_17_ppc64le.manylinux2014_ppc64le.whl", hash = "sha256:9edd2856611e5050004f4722922b7b1cd6268da34102667bd49d2a2b18bafb81"},
    {file = "orjson-3.9.10-cp311-cp311-manylinux_2_17_s390x.manylinux2014_s390x.whl", hash = "sha256:674eb520f02422546c40401f4efaf8207b5e29e420c17051cddf6c02783ff5ca"},
    {file = "orjson-3.9.10-cp311-cp311-manylinux_2_17_x86_64.manylinux2014_x86_64.whl", hash = "sha256:1d0dc4310da8b5f6415949bd5ef937e60aeb0eb6b16f95041b5e43e6200821fb"},
    {file = "orjson-3.9.10-cp311-cp311-musllinux_1_1_aarch64.whl", hash = "sha256:e99c625b8c95d7741fe057585176b1b8783d46ed4b8932cf98ee145c4facf499"},
    {file = "orjson-3.9.10-cp311-cp311-musllinux_1_1_x86_64.whl", hash = "sha256:ec6f18f96b47299c11203edfbdc34e1b69085070d9a3d1f302810cc23ad36bf3"},
    {file = "orjson-3.9.10-cp311-none-win32.whl", hash = "sha256:ce0a29c28dfb8eccd0f16219360530bc3cfdf6bf70ca384dacd36e6c650ef8e8"},
    {file = "orjson-3.9.10-cp311-none-win_amd64.whl", hash = "sha256:cf80b550092cc480a0cbd0750e8189247ff45457e5a023305f7ef1bcec811616"},
    {file = "orjson-3.9.10-cp312-cp312-macosx_10_15_x86_64.macosx_11_0_arm64.macosx_10_15_universal2.whl", hash = "sha256:602a8001bdf60e1a7d544be29c82560a7b49319a0b31d62586548835bbe2c862"},
    {file = "orjson-3.9.10-cp312-cp312-manylinux_2_17_aarch64.manylinux2014_aarch64.whl", hash = "sha256:f295efcd47b6124b01255d1491f9e46f17ef40d3d7eabf7364099e463fb45f0f"},
    {file = "orjson-3.9.10-cp312-cp312-manylinux_2_17_armv7l.manylinux2014_armv7l.whl", hash = "sha256:92af0d00091e744587221e79f68d617b432425a7e59328ca4c496f774a356071"},
    {file = "orjson-3.9.10-cp312-cp312-manylinux_2_17_ppc64le.manylinux2014_ppc64le.whl", hash = "sha256:c5a02360e73e7208a872bf65a7554c9f15df5fe063dc047f79738998b0506a14"},
    {file = "orjson-3.9.10-cp312-cp312-manylinux_2_17_s390x.manylinux2014_s390x.whl", hash = "sha256:858379cbb08d84fe7583231077d9a36a1a20eb72f8c9076a45df8b083724ad1d"},
    {file = "orjson-3.9.10-cp312-cp312-manylinux_2_17_x86_64.manylinux2014_x86_64.whl", hash = "sha256:666c6fdcaac1f13eb982b649e1c311c08d7097cbda24f32612dae43648d8db8d"},
    {file = "orjson-3.9.10-cp312-cp312-musllinux_1_1_aarch64.whl", hash = "sha256:3fb205ab52a2e30354640780ce4587157a9563a68c9beaf52153e1cea9aa0921"},
    {file = "orjson-3.9.10-cp312-cp312-musllinux_1_1_x86_64.whl", hash = "sha256:7ec960b1b942ee3c69323b8721df2a3ce28ff40e7ca47873ae35bfafeb4555ca"},
    {file = "orjson-3.9.10-cp312-none-win_amd64.whl", hash = "sha256:3e892621434392199efb54e69edfff9f699f6cc36dd9553c5bf796058b14b20d"},
    {file = "orjson-3.9.10-cp38-cp38-macosx_10_15_x86_64.macosx_11_0_arm64.macosx_10_15_universal2.whl", hash = "sha256:8b9ba0ccd5a7f4219e67fbbe25e6b4a46ceef783c42af7dbc1da548eb28b6531"},
    {file = "orjson-3.9.10-cp38-cp38-manylinux_2_17_aarch64.manylinux2014_aarch64.whl", hash = "sha256:2e2ecd1d349e62e3960695214f40939bbfdcaeaaa62ccc638f8e651cf0970e5f"},
    {file = "orjson-3.9.10-cp38-cp38-manylinux_2_17_armv7l.manylinux2014_armv7l.whl", hash = "sha256:7f433be3b3f4c66016d5a20e5b4444ef833a1f802ced13a2d852c637f69729c1"},
    {file = "orjson-3.9.10-cp38-cp38-manylinux_2_17_ppc64le.manylinux2014_ppc64le.whl", hash = "sha256:4689270c35d4bb3102e103ac43c3f0b76b169760aff8bcf2d401a3e0e58cdb7f"},
    {file = "orjson-3.9.10-cp38-cp38-manylinux_2_17_s390x.manylinux2014_s390x.whl", hash = "sha256:4bd176f528a8151a6efc5359b853ba3cc0e82d4cd1fab9c1300c5d957dc8f48c"},
    {file = "orjson-3.9.10-cp38-cp38-manylinux_2_17_x86_64.manylinux2014_x86_64.whl", hash = "sha256:3a2ce5ea4f71681623f04e2b7dadede3c7435dfb5e5e2d1d0ec25b35530e277b"},
    {file = "orjson-3.9.10-cp38-cp38-musllinux_1_1_aarch64.whl", hash = "sha256:49f8ad582da6e8d2cf663c4ba5bf9f83cc052570a3a767487fec6af839b0e777"},
    {file = "orjson-3.9.10-cp38-cp38-musllinux_1_1_x86_64.whl", hash = "sha256:2a11b4b1a8415f105d989876a19b173f6cdc89ca13855ccc67c18efbd7cbd1f8"},
    {file = "orjson-3.9.10-cp38-none-win32.whl", hash = "sha256:a353bf1f565ed27ba71a419b2cd3db9d6151da426b61b289b6ba1422a702e643"},
    {file = "orjson-3.9.10-cp38-none-win_amd64.whl", hash = "sha256:e28a50b5be854e18d54f75ef1bb13e1abf4bc650ab9d635e4258c58e71eb6ad5"},
    {file = "orjson-3.9.10-cp39-cp39-macosx_10_15_x86_64.macosx_11_0_arm64.macosx_10_15_universal2.whl", hash = "sha256:ee5926746232f627a3be1cc175b2cfad24d0170d520361f4ce3fa2fd83f09e1d"},
    {file = "orjson-3.9.10-cp39-cp39-manylinux_2_17_aarch64.manylinux2014_aarch64.whl", hash = "sha256:0a73160e823151f33cdc05fe2cea557c5ef12fdf276ce29bb4f1c571c8368a60"},
    {file = "orjson-3.9.10-cp39-cp39-manylinux_2_17_armv7l.manylinux2014_armv7l.whl", hash = "sha256:c338ed69ad0b8f8f8920c13f529889fe0771abbb46550013e3c3d01e5174deef"},
    {file = "orjson-3.9.10-cp39-cp39-manylinux_2_17_ppc64le.manylinux2014_ppc64le.whl", hash = "sha256:5869e8e130e99687d9e4be835116c4ebd83ca92e52e55810962446d841aba8de"},
    {file = "orjson-3.9.10-cp39-cp39-manylinux_2_17_s390x.manylinux2014_s390x.whl", hash = "sha256:d2c1e559d96a7f94a4f581e2a32d6d610df5840881a8cba8f25e446f4d792df3"},
    {file = "orjson-3.9.10-cp39-cp39-manylinux_2_17_x86_64.manylinux2014_x86_64.whl", hash = "sha256:81a3a3a72c9811b56adf8bcc829b010163bb2fc308877e50e9910c9357e78521"},
    {file = "orjson-3.9.10-cp39-cp39-musllinux_1_1_aarch64.whl", hash = "sha256:7f8fb7f5ecf4f6355683ac6881fd64b5bb2b8a60e3ccde6ff799e48791d8f864"},
    {file = "orjson-3.9.10-cp39-cp39-musllinux_1_1_x86_64.whl", hash = "sha256:c943b35ecdf7123b2d81d225397efddf0bce2e81db2f3ae633ead38e85cd5ade"},
    {file = "orjson-3.9.10-cp39-none-win32.whl", hash = "sha256:fb0b361d73f6b8eeceba47cd37070b5e6c9de5beaeaa63a1cb35c7e1a73ef088"},
    {file = "orjson-3.9.10-cp39-none-win_amd64.whl", hash = "sha256:b90f340cb6397ec7a854157fac03f0c82b744abdd1c0941a024c3c29d1340aff"},
    {file = "orjson-3.9.10.tar.gz", hash = "sha256:9ebbdbd6a046c304b1845e96fbcc5559cd296b4dfd3ad2509e33c4d9ce07d6a1"},
]

[[package]]
name = "packaging"
version = "23.2"
description = "Core utilities for Python packages"
optional = false
python-versions = ">=3.7"
files = [
    {file = "packaging-23.2-py3-none-any.whl", hash = "sha256:8c491190033a9af7e1d931d0b5dacc2ef47509b34dd0de67ed209b5203fc88c7"},
    {file = "packaging-23.2.tar.gz", hash = "sha256:048fb0e9405036518eaaf48a55953c750c11e1a1b68e0dd1a9d62ed0c092cfc5"},
]

[[package]]
name = "pluggy"
version = "1.3.0"
description = "plugin and hook calling mechanisms for python"
optional = false
python-versions = ">=3.8"
files = [
    {file = "pluggy-1.3.0-py3-none-any.whl", hash = "sha256:d89c696a773f8bd377d18e5ecda92b7a3793cbe66c87060a6fb58c7b6e1061f7"},
    {file = "pluggy-1.3.0.tar.gz", hash = "sha256:cf61ae8f126ac6f7c451172cf30e3e43d3ca77615509771b3a984a0730651e12"},
]

[package.extras]
dev = ["pre-commit", "tox"]
testing = ["pytest", "pytest-benchmark"]

[[package]]
name = "pytest"
version = "7.4.4"
description = "pytest: simple powerful testing with Python"
optional = false
python-versions = ">=3.7"
files = [
    {file = "pytest-7.4.4-py3-none-any.whl", hash = "sha256:b090cdf5ed60bf4c45261be03239c2c1c22df034fbffe691abe93cd80cea01d8"},
    {file = "pytest-7.4.4.tar.gz", hash = "sha256:2cf0005922c6ace4a3e2ec8b4080eb0d9753fdc93107415332f50ce9e7994280"},
]

[package.dependencies]
colorama = {version = "*", markers = "sys_platform == \"win32\""}
iniconfig = "*"
packaging = "*"
pluggy = ">=0.12,<2.0"

[package.extras]
testing = ["argcomplete", "attrs (>=19.2.0)", "hypothesis (>=3.56)", "mock", "nose", "pygments (>=2.7.2)", "requests", "setuptools", "xmlschema"]

[[package]]
name = "pytest-sugar"
version = "0.9.7"
description = "pytest-sugar is a plugin for pytest that changes the default look and feel of pytest (e.g. progressbar, show tests that fail instantly)."
optional = false
python-versions = "*"
files = [
    {file = "pytest-sugar-0.9.7.tar.gz", hash = "sha256:f1e74c1abfa55f7241cf7088032b6e378566f16b938f3f08905e2cf4494edd46"},
    {file = "pytest_sugar-0.9.7-py2.py3-none-any.whl", hash = "sha256:8cb5a4e5f8bbcd834622b0235db9e50432f4cbd71fef55b467fe44e43701e062"},
]

[package.dependencies]
packaging = ">=21.3"
pytest = ">=6.2.0"
termcolor = ">=2.1.0"

[package.extras]
dev = ["black", "flake8", "pre-commit"]

[[package]]
name = "ruff"
version = "0.1.11"
description = "An extremely fast Python linter and code formatter, written in Rust."
optional = false
python-versions = ">=3.7"
files = [
    {file = "ruff-0.1.11-py3-none-macosx_10_12_x86_64.macosx_11_0_arm64.macosx_10_12_universal2.whl", hash = "sha256:a7f772696b4cdc0a3b2e527fc3c7ccc41cdcb98f5c80fdd4f2b8c50eb1458196"},
    {file = "ruff-0.1.11-py3-none-macosx_10_12_x86_64.whl", hash = "sha256:934832f6ed9b34a7d5feea58972635c2039c7a3b434fe5ba2ce015064cb6e955"},
    {file = "ruff-0.1.11-py3-none-manylinux_2_17_aarch64.manylinux2014_aarch64.whl", hash = "sha256:ea0d3e950e394c4b332bcdd112aa566010a9f9c95814844a7468325290aabfd9"},
    {file = "ruff-0.1.11-py3-none-manylinux_2_17_armv7l.manylinux2014_armv7l.whl", hash = "sha256:9bd4025b9c5b429a48280785a2b71d479798a69f5c2919e7d274c5f4b32c3607"},
    {file = "ruff-0.1.11-py3-none-manylinux_2_17_i686.manylinux2014_i686.whl", hash = "sha256:e1ad00662305dcb1e987f5ec214d31f7d6a062cae3e74c1cbccef15afd96611d"},
    {file = "ruff-0.1.11-py3-none-manylinux_2_17_ppc64.manylinux2014_ppc64.whl", hash = "sha256:4b077ce83f47dd6bea1991af08b140e8b8339f0ba8cb9b7a484c30ebab18a23f"},
    {file = "ruff-0.1.11-py3-none-manylinux_2_17_ppc64le.manylinux2014_ppc64le.whl", hash = "sha256:c4a88efecec23c37b11076fe676e15c6cdb1271a38f2b415e381e87fe4517f18"},
    {file = "ruff-0.1.11-py3-none-manylinux_2_17_s390x.manylinux2014_s390x.whl", hash = "sha256:5b25093dad3b055667730a9b491129c42d45e11cdb7043b702e97125bcec48a1"},
    {file = "ruff-0.1.11-py3-none-manylinux_2_17_x86_64.manylinux2014_x86_64.whl", hash = "sha256:231d8fb11b2cc7c0366a326a66dafc6ad449d7fcdbc268497ee47e1334f66f77"},
    {file = "ruff-0.1.11-py3-none-musllinux_1_2_aarch64.whl", hash = "sha256:09c415716884950080921dd6237767e52e227e397e2008e2bed410117679975b"},
    {file = "ruff-0.1.11-py3-none-musllinux_1_2_armv7l.whl", hash = "sha256:0f58948c6d212a6b8d41cd59e349751018797ce1727f961c2fa755ad6208ba45"},
    {file = "ruff-0.1.11-py3-none-musllinux_1_2_i686.whl", hash = "sha256:190a566c8f766c37074d99640cd9ca3da11d8deae2deae7c9505e68a4a30f740"},
    {file = "ruff-0.1.11-py3-none-musllinux_1_2_x86_64.whl", hash = "sha256:6464289bd67b2344d2a5d9158d5eb81025258f169e69a46b741b396ffb0cda95"},
    {file = "ruff-0.1.11-py3-none-win32.whl", hash = "sha256:9b8f397902f92bc2e70fb6bebfa2139008dc72ae5177e66c383fa5426cb0bf2c"},
    {file = "ruff-0.1.11-py3-none-win_amd64.whl", hash = "sha256:eb85ee287b11f901037a6683b2374bb0ec82928c5cbc984f575d0437979c521a"},
    {file = "ruff-0.1.11-py3-none-win_arm64.whl", hash = "sha256:97ce4d752f964ba559c7023a86e5f8e97f026d511e48013987623915431c7ea9"},
    {file = "ruff-0.1.11.tar.gz", hash = "sha256:f9d4d88cb6eeb4dfe20f9f0519bd2eaba8119bde87c3d5065c541dbae2b5a2cb"},
]

[[package]]
name = "sniffio"
version = "1.3.0"
description = "Sniff out which async library your code is running under"
optional = false
python-versions = ">=3.7"
files = [
    {file = "sniffio-1.3.0-py3-none-any.whl", hash = "sha256:eecefdce1e5bbfb7ad2eeaabf7c1eeb404d7757c379bd1f7e5cce9d8bf425384"},
    {file = "sniffio-1.3.0.tar.gz", hash = "sha256:e60305c5e5d314f5389259b7f22aaa33d8f7dee49763119234af3755c55b9101"},
]

[[package]]
name = "termcolor"
version = "2.4.0"
description = "ANSI color formatting for output in terminal"
optional = false
python-versions = ">=3.8"
files = [
    {file = "termcolor-2.4.0-py3-none-any.whl", hash = "sha256:9297c0df9c99445c2412e832e882a7884038a25617c60cea2ad69488d4040d63"},
    {file = "termcolor-2.4.0.tar.gz", hash = "sha256:aab9e56047c8ac41ed798fa36d892a37aca6b3e9159f3e0c24bc64a9b3ac7b7a"},
]

[package.extras]
tests = ["pytest", "pytest-cov"]

[[package]]
name = "uvloop"
version = "0.19.0"
description = "Fast implementation of asyncio event loop on top of libuv"
optional = false
python-versions = ">=3.8.0"
files = [
    {file = "uvloop-0.19.0-cp310-cp310-macosx_10_9_universal2.whl", hash = "sha256:de4313d7f575474c8f5a12e163f6d89c0a878bc49219641d49e6f1444369a90e"},
    {file = "uvloop-0.19.0-cp310-cp310-macosx_10_9_x86_64.whl", hash = "sha256:5588bd21cf1fcf06bded085f37e43ce0e00424197e7c10e77afd4bbefffef428"},
    {file = "uvloop-0.19.0-cp310-cp310-manylinux_2_17_aarch64.manylinux2014_aarch64.whl", hash = "sha256:7b1fd71c3843327f3bbc3237bedcdb6504fd50368ab3e04d0410e52ec293f5b8"},
    {file = "uvloop-0.19.0-cp310-cp310-manylinux_2_17_x86_64.manylinux2014_x86_64.whl", hash = "sha256:5a05128d315e2912791de6088c34136bfcdd0c7cbc1cf85fd6fd1bb321b7c849"},
    {file = "uvloop-0.19.0-cp310-cp310-musllinux_1_1_aarch64.whl", hash = "sha256:cd81bdc2b8219cb4b2556eea39d2e36bfa375a2dd021404f90a62e44efaaf957"},
    {file = "uvloop-0.19.0-cp310-cp310-musllinux_1_1_x86_64.whl", hash = "sha256:5f17766fb6da94135526273080f3455a112f82570b2ee5daa64d682387fe0dcd"},
    {file = "uvloop-0.19.0-cp311-cp311-macosx_10_9_universal2.whl", hash = "sha256:4ce6b0af8f2729a02a5d1575feacb2a94fc7b2e983868b009d51c9a9d2149bef"},
    {file = "uvloop-0.19.0-cp311-cp311-macosx_10_9_x86_64.whl", hash = "sha256:31e672bb38b45abc4f26e273be83b72a0d28d074d5b370fc4dcf4c4eb15417d2"},
    {file = "uvloop-0.19.0-cp311-cp311-manylinux_2_17_aarch64.manylinux2014_aarch64.whl", hash = "sha256:570fc0ed613883d8d30ee40397b79207eedd2624891692471808a95069a007c1"},
    {file = "uvloop-0.19.0-cp311-cp311-manylinux_2_17_x86_64.manylinux2014_x86_64.whl", hash = "sha256:5138821e40b0c3e6c9478643b4660bd44372ae1e16a322b8fc07478f92684e24"},
    {file = "uvloop-0.19.0-cp311-cp311-musllinux_1_1_aarch64.whl", hash = "sha256:91ab01c6cd00e39cde50173ba4ec68a1e578fee9279ba64f5221810a9e786533"},
    {file = "uvloop-0.19.0-cp311-cp311-musllinux_1_1_x86_64.whl", hash = "sha256:47bf3e9312f63684efe283f7342afb414eea4d3011542155c7e625cd799c3b12"},
    {file = "uvloop-0.19.0-cp312-cp312-macosx_10_9_universal2.whl", hash = "sha256:da8435a3bd498419ee8c13c34b89b5005130a476bda1d6ca8cfdde3de35cd650"},
    {file = "uvloop-0.19.0-cp312-cp312-macosx_10_9_x86_64.whl", hash = "sha256:02506dc23a5d90e04d4f65c7791e65cf44bd91b37f24cfc3ef6cf2aff05dc7ec"},
    {file = "uvloop-0.19.0-cp312-cp312-manylinux_2_17_aarch64.manylinux2014_aarch64.whl", hash = "sha256:2693049be9d36fef81741fddb3f441673ba12a34a704e7b4361efb75cf30befc"},
    {file = "uvloop-0.19.0-cp312-cp312-manylinux_2_17_x86_64.manylinux2014_x86_64.whl", hash = "sha256:7010271303961c6f0fe37731004335401eb9075a12680738731e9c92ddd96ad6"},
    {file = "uvloop-0.19.0-cp312-cp312-musllinux_1_1_aarch64.whl", hash = "sha256:5daa304d2161d2918fa9a17d5635099a2f78ae5b5960e742b2fcfbb7aefaa593"},
    {file = "uvloop-0.19.0-cp312-cp312-musllinux_1_1_x86_64.whl", hash = "sha256:7207272c9520203fea9b93843bb775d03e1cf88a80a936ce760f60bb5add92f3"},
    {file = "uvloop-0.19.0-cp38-cp38-macosx_10_9_universal2.whl", hash = "sha256:78ab247f0b5671cc887c31d33f9b3abfb88d2614b84e4303f1a63b46c046c8bd"},
    {file = "uvloop-0.19.0-cp38-cp38-macosx_10_9_x86_64.whl", hash = "sha256:472d61143059c84947aa8bb74eabbace30d577a03a1805b77933d6bd13ddebbd"},
    {file = "uvloop-0.19.0-cp38-cp38-manylinux_2_17_aarch64.manylinux2014_aarch64.whl", hash = "sha256:45bf4c24c19fb8a50902ae37c5de50da81de4922af65baf760f7c0c42e1088be"},
    {file = "uvloop-0.19.0-cp38-cp38-manylinux_2_17_x86_64.manylinux2014_x86_64.whl", hash = "sha256:271718e26b3e17906b28b67314c45d19106112067205119dddbd834c2b7ce797"},
    {file = "uvloop-0.19.0-cp38-cp38-musllinux_1_1_aarch64.whl", hash = "sha256:34175c9fd2a4bc3adc1380e1261f60306344e3407c20a4d684fd5f3be010fa3d"},
    {file = "uvloop-0.19.0-cp38-cp38-musllinux_1_1_x86_64.whl", hash = "sha256:e27f100e1ff17f6feeb1f33968bc185bf8ce41ca557deee9d9bbbffeb72030b7"},
    {file = "uvloop-0.19.0-cp39-cp39-macosx_10_9_universal2.whl", hash = "sha256:13dfdf492af0aa0a0edf66807d2b465607d11c4fa48f4a1fd41cbea5b18e8e8b"},
    {file = "uvloop-0.19.0-cp39-cp39-macosx_10_9_x86_64.whl", hash = "sha256:6e3d4e85ac060e2342ff85e90d0c04157acb210b9ce508e784a944f852a40e67"},
    {file = "uvloop-0.19.0-cp39-cp39-manylinux_2_17_aarch64.manylinux2014_aarch64.whl", hash = "sha256:8ca4956c9ab567d87d59d49fa3704cf29e37109ad348f2d5223c9bf761a332e7"},
    {file = "uvloop-0.19.0-cp39-cp39-manylinux_2_17_x86_64.manylinux2014_x86_64.whl", hash = "sha256:f467a5fd23b4fc43ed86342641f3936a68ded707f4627622fa3f82a120e18256"},
    {file = "uvloop-0.19.0-cp39-cp39-musllinux_1_1_aarch64.whl", hash = "sha256:492e2c32c2af3f971473bc22f086513cedfc66a130756145a931a90c3958cb17"},
    {file = "uvloop-0.19.0-cp39-cp39-musllinux_1_1_x86_64.whl", hash = "sha256:2df95fca285a9f5bfe730e51945ffe2fa71ccbfdde3b0da5772b4ee4f2e770d5"},
    {file = "uvloop-0.19.0.tar.gz", hash = "sha256:0246f4fd1bf2bf702e06b0d45ee91677ee5c31242f39aab4ea6fe0c51aedd0fd"},
]

[package.extras]
docs = ["Sphinx (>=4.1.2,<4.2.0)", "sphinx-rtd-theme (>=0.5.2,<0.6.0)", "sphinxcontrib-asyncio (>=0.3.0,<0.4.0)"]
test = ["Cython (>=0.29.36,<0.30.0)", "aiohttp (==3.9.0b0)", "aiohttp (>=3.8.1)", "flake8 (>=5.0,<6.0)", "mypy (>=0.800)", "psutil", "pyOpenSSL (>=23.0.0,<23.1.0)", "pycodestyle (>=2.9.0,<2.10.0)"]

[extras]
aiofile = ["aiofile"]
all = ["aiofile", "orjson"]
orjson = ["orjson"]

[metadata]
lock-version = "2.0"
python-versions = "3.12.*"
content-hash = "6f3898b2d0774a8b5174f9a66060170eed23494440d8c9d79e4ede45fd288512"
